
Microsoft Visual Studio Solution File, Format Version 12.00
# Visual Studio Version 17
VisualStudioVersion = 17.14.36518.9
MinimumVisualStudioVersion = 10.0.40219.1
Project("{2150E333-8FDC-42A3-9474-1A3956D46DE8}") = "Task0", "Task0", "{02EA681E-C7D8-13C7-8484-4AC65E1B71E8}"
EndProject
Project("{FAE04EC0-301F-11D3-BF4B-00C04F79EFBC}") = "Tyuiu.SlokvaGA.Sprint6.Task0.V9.Lib", "Tyuiu.SlokvaGA.Sprint6.Task0.V9.Lib\Tyuiu.SlokvaGA.Sprint6.Task0.V9.Lib.csproj", "{AE04CEB6-8E2A-47FF-BA44-B63189FAB783}"
EndProject
Project("{FAE04EC0-301F-11D3-BF4B-00C04F79EFBC}") = "Tyuiu.SlokvaGA.Sprint6.Task0.V9.Test", "Tyuiu.SlokvaGA.Sprint6.Task0.V9.Test\Tyuiu.SlokvaGA.Sprint6.Task0.V9.Test.csproj", "{721ABE1E-0DA9-40E8-82B9-69217713DAE5}"
EndProject
Project("{FAE04EC0-301F-11D3-BF4B-00C04F79EFBC}") = "Tyuiu.SlokvaGA.Sprint6.Task0.V9", "Tyuiu.SlokvaGA.Sprint6.Task0.V9\Tyuiu.SlokvaGA.Sprint6.Task0.V9.csproj", "{9A3E4A58-7209-420C-8C4E-1A28C335453A}"
EndProject
Project("{2150E333-8FDC-42A3-9474-1A3956D46DE8}") = "Task1", "Task1", "{8032837D-B1AD-4B65-98EE-FF26C039F73C}"
EndProject
Project("{FAE04EC0-301F-11D3-BF4B-00C04F79EFBC}") = "Tyuiu.SlokvaGA.Sprint6.Task1.V14", "Tyuiu.SlokvaGA.Sprint6.Task1.V14\Tyuiu.SlokvaGA.Sprint6.Task1.V14.csproj", "{04FF68B6-0817-47C3-8948-813D3C3FA861}"
EndProject
Project("{FAE04EC0-301F-11D3-BF4B-00C04F79EFBC}") = "Tyuiu.SlokvaGA.Sprint6.Task1.V14.Test", "Tyuiu.SlokvaGA.Sprint6.Task1.V14.Test\Tyuiu.SlokvaGA.Sprint6.Task1.V14.Test.csproj", "{596CD30D-FC40-4841-8E59-2F12EF46042A}"
EndProject
Project("{FAE04EC0-301F-11D3-BF4B-00C04F79EFBC}") = "Tyuiu.SlokvaGA.Sprint6.Task1.V14.Lib", "Tyuiu.SlokvaGA.Sprint6.Task1.V14.Lib\Tyuiu.SlokvaGA.Sprint6.Task1.V14.Lib.csproj", "{911C9FE2-8071-4BC9-BBDD-E85C38A6832B}"
EndProject
Project("{2150E333-8FDC-42A3-9474-1A3956D46DE8}") = "Task2", "Task2", "{313F1145-E328-4068-A5E9-505BBFD2A097}"
EndProject
Project("{FAE04EC0-301F-11D3-BF4B-00C04F79EFBC}") = "Tyuiu.SlokvaGA.Sprint6.Task2.V14.Lib", "Tyuiu.SlokvaGA.Sprint6.Task2.V14.Lib\Tyuiu.SlokvaGA.Sprint6.Task2.V14.Lib.csproj", "{57B8CA93-62D3-4DB1-9195-08CC73B7FB59}"
EndProject
Project("{FAE04EC0-301F-11D3-BF4B-00C04F79EFBC}") = "Tyuiu.SlokvaGA.Sprint6.Task2.V14.Test", "Tyuiu.SlokvaGA.Sprint6.Task2.V14.Test\Tyuiu.SlokvaGA.Sprint6.Task2.V14.Test.csproj", "{F294BF90-14D4-4D3D-A8A6-B393A3001B50}"
EndProject
Project("{FAE04EC0-301F-11D3-BF4B-00C04F79EFBC}") = "Tyuiu.SlokvaGA.Sprint6.Task2.V14", "Tyuiu.SlokvaGA.Sprint6.Task2.V14\Tyuiu.SlokvaGA.Sprint6.Task2.V14.csproj", "{B8E0B00E-7420-4A16-81C0-7DB0CC1CC8FF}"
EndProject
Project("{2150E333-8FDC-42A3-9474-1A3956D46DE8}") = "Task3", "Task3", "{9C5E26E3-A8DB-4B4B-A0C3-814A9279BC2B}"
EndProject
Project("{FAE04EC0-301F-11D3-BF4B-00C04F79EFBC}") = "Tyuiu.SlokvaGA.Sprint6.Task3.V17.Lib", "Tyuiu.SlokvaGA.Sprint6.Task3.V17.Lib\Tyuiu.SlokvaGA.Sprint6.Task3.V17.Lib.csproj", "{82668331-0C12-47C9-AF4F-E5E62D04F056}"
EndProject
Project("{FAE04EC0-301F-11D3-BF4B-00C04F79EFBC}") = "Tyuiu.SlokvaGA.Sprint6.Task3.V17.Test", "Tyuiu.SlokvaGA.Sprint6.Task3.V17.Test\Tyuiu.SlokvaGA.Sprint6.Task3.V17.Test.csproj", "{42B607D8-A1D9-4AA7-8899-6B2878F78357}"
EndProject
Project("{FAE04EC0-301F-11D3-BF4B-00C04F79EFBC}") = "Tyuiu.SlokvaGA.Sprint6.Task3.V17", "Tyuiu.SlokvaGA.Sprint6.Task3.V17\Tyuiu.SlokvaGA.Sprint6.Task3.V17.csproj", "{02A898AC-BD66-4218-ABDB-811E164ADAA0}"
EndProject
Project("{2150E333-8FDC-42A3-9474-1A3956D46DE8}") = "Task4", "Task4", "{C73DFB9D-47D1-4934-84AF-B239DA551DC3}"
EndProject
Project("{FAE04EC0-301F-11D3-BF4B-00C04F79EFBC}") = "Tyuiu.SlokvaGA.Sprint6.Task4.V18", "Tyuiu.SlokvaGA.Sprint6.Task4.V18\Tyuiu.SlokvaGA.Sprint6.Task4.V18.csproj", "{9DFFDDC8-081A-4412-9349-145FBC9E1625}"
EndProject
Project("{FAE04EC0-301F-11D3-BF4B-00C04F79EFBC}") = "Tyuiu.SlokvaGA.Sprint6.Task4.V18.Lib", "Tyuiu.SlokvaGA.Sprint6.Task4.V18.Lib\Tyuiu.SlokvaGA.Sprint6.Task4.V18.Lib.csproj", "{EABA206A-1489-4B9C-ACB2-98E8852D2FDF}"
EndProject
Project("{FAE04EC0-301F-11D3-BF4B-00C04F79EFBC}") = "Tyuiu.SlokvaGA.Sprint6.Task4.V18.Test", "Tyuiu.SlokvaGA.Sprint6.Task4.V18.Test\Tyuiu.SlokvaGA.Sprint6.Task4.V18.Test.csproj", "{CFBE4136-C543-452E-83AA-B3DEDD425B36}"
EndProject
Project("{2150E333-8FDC-42A3-9474-1A3956D46DE8}") = "Task5", "Task5", "{04197459-A9B8-4460-A2CB-ACD0C380B24A}"
EndProject
Project("{FAE04EC0-301F-11D3-BF4B-00C04F79EFBC}") = "Tyuiu.SlokvaGA.Sprint6.Task5.V29", "Tyuiu.SlokvaGA.Sprint6.Task5.V29\Tyuiu.SlokvaGA.Sprint6.Task5.V29.csproj", "{75878D26-A881-4817-A07B-639E6C6593FA}"
EndProject
Project("{FAE04EC0-301F-11D3-BF4B-00C04F79EFBC}") = "Tyuiu.SlokvaGA.Sprint6.Task5.V29.Lib", "Tyuiu.SlokvaGA.Sprint6.Task5.V29.Lib\Tyuiu.SlokvaGA.Sprint6.Task5.V29.Lib.csproj", "{89A4D077-7D52-4B17-A630-85BA8322F9A3}"
EndProject
Project("{FAE04EC0-301F-11D3-BF4B-00C04F79EFBC}") = "Tyuiu.SlokvaGA.Sprint6.Task5.V29.Test", "Tyuiu.SlokvaGA.Sprint6.Task5.V29.Test\Tyuiu.SlokvaGA.Sprint6.Task5.V29.Test.csproj", "{37DA91B9-8B75-4B00-93A9-3307997A2E6A}"
EndProject
Project("{2150E333-8FDC-42A3-9474-1A3956D46DE8}") = "Task6", "Task6", "{A4A9920A-2C7C-42EE-BA56-DD7ADDFD1B0A}"
EndProject
Project("{FAE04EC0-301F-11D3-BF4B-00C04F79EFBC}") = "Tyuiu.SlokvaGA.Sprint6.Task6.V4", "Tyuiu.SlokvaGA.Sprint6.Task6.V4\Tyuiu.SlokvaGA.Sprint6.Task6.V4.csproj", "{4FD85DD9-F632-48AB-B289-F0B7EAD8D747}"
EndProject
Project("{FAE04EC0-301F-11D3-BF4B-00C04F79EFBC}") = "Tyuiu.SlokvaGA.Sprint6.Task6.V4.Test", "Tyuiu.SlokvaGA.Sprint6.Task6.V4.Test\Tyuiu.SlokvaGA.Sprint6.Task6.V4.Test.csproj", "{5A479278-302A-4262-A796-1D95C33A37CA}"
EndProject
Project("{FAE04EC0-301F-11D3-BF4B-00C04F79EFBC}") = "Tyuiu.SlokvaGA.Sprint6.Task6.V4.Lib", "Tyuiu.SlokvaGA.Sprint6.Task6.V4.Lib\Tyuiu.SlokvaGA.Sprint6.Task6.V4.Lib.csproj", "{294CFCEC-F756-488B-976F-03E6529251E9}"
EndProject
Project("{2150E333-8FDC-42A3-9474-1A3956D46DE8}") = "Task7", "Task7", "{A886AD9B-2661-4432-A767-E6958BFEE2F5}"
EndProject
Project("{FAE04EC0-301F-11D3-BF4B-00C04F79EFBC}") = "Tyuiu.SlokvaGA.Sprint6.Task7.V11", "Tyuiu.SlokvaGA.Sprint6.Task7.V11\Tyuiu.SlokvaGA.Sprint6.Task7.V11.csproj", "{E8B1CB5F-502F-4450-BF34-8359CBEBD532}"
EndProject
Project("{FAE04EC0-301F-11D3-BF4B-00C04F79EFBC}") = "Tyuiu.SlokvaGA.Sprint6.Task7.V11.Lib", "Tyuiu.SlokvaGA.Sprint6.Task7.V11.Lib\Tyuiu.SlokvaGA.Sprint6.Task7.V11.Lib.csproj", "{78202F7F-D2B4-42DE-B143-71EF2788F360}"
EndProject
Project("{FAE04EC0-301F-11D3-BF4B-00C04F79EFBC}") = "Tyuiu.SlokvaGA.Sprint6.Task7.V11.Test", "Tyuiu.SlokvaGA.Sprint6.Task7.V11.Test\Tyuiu.SlokvaGA.Sprint6.Task7.V11.Test.csproj", "{A5461B90-0E84-4CFA-AE26-A2F67084DD20}"
EndProject
Global
	GlobalSection(SolutionConfigurationPlatforms) = preSolution
		Debug|Any CPU = Debug|Any CPU
		Release|Any CPU = Release|Any CPU
	EndGlobalSection
	GlobalSection(ProjectConfigurationPlatforms) = postSolution
		{AE04CEB6-8E2A-47FF-BA44-B63189FAB783}.Debug|Any CPU.ActiveCfg = Debug|Any CPU
		{AE04CEB6-8E2A-47FF-BA44-B63189FAB783}.Debug|Any CPU.Build.0 = Debug|Any CPU
		{AE04CEB6-8E2A-47FF-BA44-B63189FAB783}.Release|Any CPU.ActiveCfg = Release|Any CPU
		{AE04CEB6-8E2A-47FF-BA44-B63189FAB783}.Release|Any CPU.Build.0 = Release|Any CPU
		{721ABE1E-0DA9-40E8-82B9-69217713DAE5}.Debug|Any CPU.ActiveCfg = Debug|Any CPU
		{721ABE1E-0DA9-40E8-82B9-69217713DAE5}.Debug|Any CPU.Build.0 = Debug|Any CPU
		{721ABE1E-0DA9-40E8-82B9-69217713DAE5}.Release|Any CPU.ActiveCfg = Release|Any CPU
		{721ABE1E-0DA9-40E8-82B9-69217713DAE5}.Release|Any CPU.Build.0 = Release|Any CPU
		{9A3E4A58-7209-420C-8C4E-1A28C335453A}.Debug|Any CPU.ActiveCfg = Debug|Any CPU
		{9A3E4A58-7209-420C-8C4E-1A28C335453A}.Debug|Any CPU.Build.0 = Debug|Any CPU
		{9A3E4A58-7209-420C-8C4E-1A28C335453A}.Release|Any CPU.ActiveCfg = Release|Any CPU
		{9A3E4A58-7209-420C-8C4E-1A28C335453A}.Release|Any CPU.Build.0 = Release|Any CPU
		{04FF68B6-0817-47C3-8948-813D3C3FA861}.Debug|Any CPU.ActiveCfg = Debug|Any CPU
		{04FF68B6-0817-47C3-8948-813D3C3FA861}.Debug|Any CPU.Build.0 = Debug|Any CPU
		{04FF68B6-0817-47C3-8948-813D3C3FA861}.Release|Any CPU.ActiveCfg = Release|Any CPU
		{04FF68B6-0817-47C3-8948-813D3C3FA861}.Release|Any CPU.Build.0 = Release|Any CPU
		{596CD30D-FC40-4841-8E59-2F12EF46042A}.Debug|Any CPU.ActiveCfg = Debug|Any CPU
		{596CD30D-FC40-4841-8E59-2F12EF46042A}.Debug|Any CPU.Build.0 = Debug|Any CPU
		{596CD30D-FC40-4841-8E59-2F12EF46042A}.Release|Any CPU.ActiveCfg = Release|Any CPU
		{596CD30D-FC40-4841-8E59-2F12EF46042A}.Release|Any CPU.Build.0 = Release|Any CPU
		{911C9FE2-8071-4BC9-BBDD-E85C38A6832B}.Debug|Any CPU.ActiveCfg = Debug|Any CPU
		{911C9FE2-8071-4BC9-BBDD-E85C38A6832B}.Debug|Any CPU.Build.0 = Debug|Any CPU
		{911C9FE2-8071-4BC9-BBDD-E85C38A6832B}.Release|Any CPU.ActiveCfg = Release|Any CPU
		{911C9FE2-8071-4BC9-BBDD-E85C38A6832B}.Release|Any CPU.Build.0 = Release|Any CPU
		{57B8CA93-62D3-4DB1-9195-08CC73B7FB59}.Debug|Any CPU.ActiveCfg = Debug|Any CPU
		{57B8CA93-62D3-4DB1-9195-08CC73B7FB59}.Debug|Any CPU.Build.0 = Debug|Any CPU
		{57B8CA93-62D3-4DB1-9195-08CC73B7FB59}.Release|Any CPU.ActiveCfg = Release|Any CPU
		{57B8CA93-62D3-4DB1-9195-08CC73B7FB59}.Release|Any CPU.Build.0 = Release|Any CPU
		{F294BF90-14D4-4D3D-A8A6-B393A3001B50}.Debug|Any CPU.ActiveCfg = Debug|Any CPU
		{F294BF90-14D4-4D3D-A8A6-B393A3001B50}.Debug|Any CPU.Build.0 = Debug|Any CPU
		{F294BF90-14D4-4D3D-A8A6-B393A3001B50}.Release|Any CPU.ActiveCfg = Release|Any CPU
		{F294BF90-14D4-4D3D-A8A6-B393A3001B50}.Release|Any CPU.Build.0 = Release|Any CPU
		{B8E0B00E-7420-4A16-81C0-7DB0CC1CC8FF}.Debug|Any CPU.ActiveCfg = Debug|Any CPU
		{B8E0B00E-7420-4A16-81C0-7DB0CC1CC8FF}.Debug|Any CPU.Build.0 = Debug|Any CPU
		{B8E0B00E-7420-4A16-81C0-7DB0CC1CC8FF}.Release|Any CPU.ActiveCfg = Release|Any CPU
		{B8E0B00E-7420-4A16-81C0-7DB0CC1CC8FF}.Release|Any CPU.Build.0 = Release|Any CPU
		{82668331-0C12-47C9-AF4F-E5E62D04F056}.Debug|Any CPU.ActiveCfg = Debug|Any CPU
		{82668331-0C12-47C9-AF4F-E5E62D04F056}.Debug|Any CPU.Build.0 = Debug|Any CPU
		{82668331-0C12-47C9-AF4F-E5E62D04F056}.Release|Any CPU.ActiveCfg = Release|Any CPU
		{82668331-0C12-47C9-AF4F-E5E62D04F056}.Release|Any CPU.Build.0 = Release|Any CPU
		{42B607D8-A1D9-4AA7-8899-6B2878F78357}.Debug|Any CPU.ActiveCfg = Debug|Any CPU
		{42B607D8-A1D9-4AA7-8899-6B2878F78357}.Debug|Any CPU.Build.0 = Debug|Any CPU
		{42B607D8-A1D9-4AA7-8899-6B2878F78357}.Release|Any CPU.ActiveCfg = Release|Any CPU
		{42B607D8-A1D9-4AA7-8899-6B2878F78357}.Release|Any CPU.Build.0 = Release|Any CPU
		{02A898AC-BD66-4218-ABDB-811E164ADAA0}.Debug|Any CPU.ActiveCfg = Debug|Any CPU
		{02A898AC-BD66-4218-ABDB-811E164ADAA0}.Debug|Any CPU.Build.0 = Debug|Any CPU
		{02A898AC-BD66-4218-ABDB-811E164ADAA0}.Release|Any CPU.ActiveCfg = Release|Any CPU
		{02A898AC-BD66-4218-ABDB-811E164ADAA0}.Release|Any CPU.Build.0 = Release|Any CPU
		{9DFFDDC8-081A-4412-9349-145FBC9E1625}.Debug|Any CPU.ActiveCfg = Debug|Any CPU
		{9DFFDDC8-081A-4412-9349-145FBC9E1625}.Debug|Any CPU.Build.0 = Debug|Any CPU
		{9DFFDDC8-081A-4412-9349-145FBC9E1625}.Release|Any CPU.ActiveCfg = Release|Any CPU
		{9DFFDDC8-081A-4412-9349-145FBC9E1625}.Release|Any CPU.Build.0 = Release|Any CPU
		{EABA206A-1489-4B9C-ACB2-98E8852D2FDF}.Debug|Any CPU.ActiveCfg = Debug|Any CPU
		{EABA206A-1489-4B9C-ACB2-98E8852D2FDF}.Debug|Any CPU.Build.0 = Debug|Any CPU
		{EABA206A-1489-4B9C-ACB2-98E8852D2FDF}.Release|Any CPU.ActiveCfg = Release|Any CPU
		{EABA206A-1489-4B9C-ACB2-98E8852D2FDF}.Release|Any CPU.Build.0 = Release|Any CPU
		{CFBE4136-C543-452E-83AA-B3DEDD425B36}.Debug|Any CPU.ActiveCfg = Debug|Any CPU
		{CFBE4136-C543-452E-83AA-B3DEDD425B36}.Debug|Any CPU.Build.0 = Debug|Any CPU
		{CFBE4136-C543-452E-83AA-B3DEDD425B36}.Release|Any CPU.ActiveCfg = Release|Any CPU
		{CFBE4136-C543-452E-83AA-B3DEDD425B36}.Release|Any CPU.Build.0 = Release|Any CPU
		{75878D26-A881-4817-A07B-639E6C6593FA}.Debug|Any CPU.ActiveCfg = Debug|Any CPU
		{75878D26-A881-4817-A07B-639E6C6593FA}.Debug|Any CPU.Build.0 = Debug|Any CPU
		{75878D26-A881-4817-A07B-639E6C6593FA}.Release|Any CPU.ActiveCfg = Release|Any CPU
		{75878D26-A881-4817-A07B-639E6C6593FA}.Release|Any CPU.Build.0 = Release|Any CPU
		{89A4D077-7D52-4B17-A630-85BA8322F9A3}.Debug|Any CPU.ActiveCfg = Debug|Any CPU
		{89A4D077-7D52-4B17-A630-85BA8322F9A3}.Debug|Any CPU.Build.0 = Debug|Any CPU
		{89A4D077-7D52-4B17-A630-85BA8322F9A3}.Release|Any CPU.ActiveCfg = Release|Any CPU
		{89A4D077-7D52-4B17-A630-85BA8322F9A3}.Release|Any CPU.Build.0 = Release|Any CPU
		{37DA91B9-8B75-4B00-93A9-3307997A2E6A}.Debug|Any CPU.ActiveCfg = Debug|Any CPU
		{37DA91B9-8B75-4B00-93A9-3307997A2E6A}.Debug|Any CPU.Build.0 = Debug|Any CPU
		{37DA91B9-8B75-4B00-93A9-3307997A2E6A}.Release|Any CPU.ActiveCfg = Release|Any CPU
		{37DA91B9-8B75-4B00-93A9-3307997A2E6A}.Release|Any CPU.Build.0 = Release|Any CPU
		{4FD85DD9-F632-48AB-B289-F0B7EAD8D747}.Debug|Any CPU.ActiveCfg = Debug|Any CPU
		{4FD85DD9-F632-48AB-B289-F0B7EAD8D747}.Debug|Any CPU.Build.0 = Debug|Any CPU
		{4FD85DD9-F632-48AB-B289-F0B7EAD8D747}.Release|Any CPU.ActiveCfg = Release|Any CPU
		{4FD85DD9-F632-48AB-B289-F0B7EAD8D747}.Release|Any CPU.Build.0 = Release|Any CPU
		{5A479278-302A-4262-A796-1D95C33A37CA}.Debug|Any CPU.ActiveCfg = Debug|Any CPU
		{5A479278-302A-4262-A796-1D95C33A37CA}.Debug|Any CPU.Build.0 = Debug|Any CPU
		{5A479278-302A-4262-A796-1D95C33A37CA}.Release|Any CPU.ActiveCfg = Release|Any CPU
		{5A479278-302A-4262-A796-1D95C33A37CA}.Release|Any CPU.Build.0 = Release|Any CPU
		{294CFCEC-F756-488B-976F-03E6529251E9}.Debug|Any CPU.ActiveCfg = Debug|Any CPU
		{294CFCEC-F756-488B-976F-03E6529251E9}.Debug|Any CPU.Build.0 = Debug|Any CPU
		{294CFCEC-F756-488B-976F-03E6529251E9}.Release|Any CPU.ActiveCfg = Release|Any CPU
		{294CFCEC-F756-488B-976F-03E6529251E9}.Release|Any CPU.Build.0 = Release|Any CPU
		{E8B1CB5F-502F-4450-BF34-8359CBEBD532}.Debug|Any CPU.ActiveCfg = Debug|Any CPU
		{E8B1CB5F-502F-4450-BF34-8359CBEBD532}.Debug|Any CPU.Build.0 = Debug|Any CPU
		{E8B1CB5F-502F-4450-BF34-8359CBEBD532}.Release|Any CPU.ActiveCfg = Release|Any CPU
		{E8B1CB5F-502F-4450-BF34-8359CBEBD532}.Release|Any CPU.Build.0 = Release|Any CPU
		{78202F7F-D2B4-42DE-B143-71EF2788F360}.Debug|Any CPU.ActiveCfg = Debug|Any CPU
		{78202F7F-D2B4-42DE-B143-71EF2788F360}.Debug|Any CPU.Build.0 = Debug|Any CPU
		{78202F7F-D2B4-42DE-B143-71EF2788F360}.Release|Any CPU.ActiveCfg = Release|Any CPU
		{78202F7F-D2B4-42DE-B143-71EF2788F360}.Release|Any CPU.Build.0 = Release|Any CPU
		{A5461B90-0E84-4CFA-AE26-A2F67084DD20}.Debug|Any CPU.ActiveCfg = Debug|Any CPU
		{A5461B90-0E84-4CFA-AE26-A2F67084DD20}.Debug|Any CPU.Build.0 = Debug|Any CPU
		{A5461B90-0E84-4CFA-AE26-A2F67084DD20}.Release|Any CPU.ActiveCfg = Release|Any CPU
		{A5461B90-0E84-4CFA-AE26-A2F67084DD20}.Release|Any CPU.Build.0 = Release|Any CPU
	EndGlobalSection
	GlobalSection(SolutionProperties) = preSolution
		HideSolutionNode = FALSE
	EndGlobalSection
	GlobalSection(NestedProjects) = preSolution
		{AE04CEB6-8E2A-47FF-BA44-B63189FAB783} = {02EA681E-C7D8-13C7-8484-4AC65E1B71E8}
		{721ABE1E-0DA9-40E8-82B9-69217713DAE5} = {02EA681E-C7D8-13C7-8484-4AC65E1B71E8}
		{9A3E4A58-7209-420C-8C4E-1A28C335453A} = {02EA681E-C7D8-13C7-8484-4AC65E1B71E8}
		{04FF68B6-0817-47C3-8948-813D3C3FA861} = {8032837D-B1AD-4B65-98EE-FF26C039F73C}
		{596CD30D-FC40-4841-8E59-2F12EF46042A} = {8032837D-B1AD-4B65-98EE-FF26C039F73C}
		{911C9FE2-8071-4BC9-BBDD-E85C38A6832B} = {8032837D-B1AD-4B65-98EE-FF26C039F73C}
		{57B8CA93-62D3-4DB1-9195-08CC73B7FB59} = {313F1145-E328-4068-A5E9-505BBFD2A097}
		{F294BF90-14D4-4D3D-A8A6-B393A3001B50} = {313F1145-E328-4068-A5E9-505BBFD2A097}
		{B8E0B00E-7420-4A16-81C0-7DB0CC1CC8FF} = {313F1145-E328-4068-A5E9-505BBFD2A097}
		{82668331-0C12-47C9-AF4F-E5E62D04F056} = {9C5E26E3-A8DB-4B4B-A0C3-814A9279BC2B}
		{42B607D8-A1D9-4AA7-8899-6B2878F78357} = {9C5E26E3-A8DB-4B4B-A0C3-814A9279BC2B}
		{02A898AC-BD66-4218-ABDB-811E164ADAA0} = {9C5E26E3-A8DB-4B4B-A0C3-814A9279BC2B}
		{9DFFDDC8-081A-4412-9349-145FBC9E1625} = {C73DFB9D-47D1-4934-84AF-B239DA551DC3}
		{EABA206A-1489-4B9C-ACB2-98E8852D2FDF} = {C73DFB9D-47D1-4934-84AF-B239DA551DC3}
		{CFBE4136-C543-452E-83AA-B3DEDD425B36} = {C73DFB9D-47D1-4934-84AF-B239DA551DC3}
		{75878D26-A881-4817-A07B-639E6C6593FA} = {04197459-A9B8-4460-A2CB-ACD0C380B24A}
		{89A4D077-7D52-4B17-A630-85BA8322F9A3} = {04197459-A9B8-4460-A2CB-ACD0C380B24A}
		{37DA91B9-8B75-4B00-93A9-3307997A2E6A} = {04197459-A9B8-4460-A2CB-ACD0C380B24A}
		{4FD85DD9-F632-48AB-B289-F0B7EAD8D747} = {A4A9920A-2C7C-42EE-BA56-DD7ADDFD1B0A}
		{5A479278-302A-4262-A796-1D95C33A37CA} = {A4A9920A-2C7C-42EE-BA56-DD7ADDFD1B0A}
		{294CFCEC-F756-488B-976F-03E6529251E9} = {A4A9920A-2C7C-42EE-BA56-DD7ADDFD1B0A}
		{E8B1CB5F-502F-4450-BF34-8359CBEBD532} = {A886AD9B-2661-4432-A767-E6958BFEE2F5}
		{78202F7F-D2B4-42DE-B143-71EF2788F360} = {A886AD9B-2661-4432-A767-E6958BFEE2F5}
		{A5461B90-0E84-4CFA-AE26-A2F67084DD20} = {A886AD9B-2661-4432-A767-E6958BFEE2F5}
	EndGlobalSection
	GlobalSection(ExtensibilityGlobals) = postSolution
		SolutionGuid = {105E5348-CA31-4E84-A29E-0DA5122459AC}
	EndGlobalSection
EndGlobal
